
Microsoft Visual Studio Solution File, Format Version 12.00
# Visual Studio Version 17
VisualStudioVersion = 17.14.36109.1 d17.14
MinimumVisualStudioVersion = 10.0.40219.1
Project("{FAE04EC0-301F-11D3-BF4B-00C04F79EFBC}") = "StackSort", "StackSort\StackSort.csproj", "{5185D662-D83C-4677-8259-F2A20373EF8B}"
EndProject
Global
	GlobalSection(SolutionConfigurationPlatforms) = preSolution
		Debug|Any CPU = Debug|Any CPU
		Release|Any CPU = Release|Any CPU
	EndGlobalSection
	GlobalSection(ProjectConfigurationPlatforms) = postSolution
		{5185D662-D83C-4677-8259-F2A20373EF8B}.Debug|Any CPU.ActiveCfg = Debug|Any CPU
		{5185D662-D83C-4677-8259-F2A20373EF8B}.Debug|Any CPU.Build.0 = Debug|Any CPU
		{5185D662-D83C-4677-8259-F2A20373EF8B}.Release|Any CPU.ActiveCfg = Release|Any CPU
		{5185D662-D83C-4677-8259-F2A20373EF8B}.Release|Any CPU.Build.0 = Release|Any CPU
	EndGlobalSection
	GlobalSection(SolutionProperties) = preSolution
		HideSolutionNode = FALSE
	EndGlobalSection
	GlobalSection(ExtensibilityGlobals) = postSolution
		SolutionGuid = {7F9FDAF6-DEBF-4587-BDB1-3EF6AF89FDB5}
	EndGlobalSection
EndGlobal
